
Microsoft Visual Studio Solution File, Format Version 12.00
# Visual Studio Version 16
VisualStudioVersion = 16.0.30717.126
MinimumVisualStudioVersion = 10.0.40219.1
Project("{9A19103F-16F7-4668-BE54-9A1E7A4F7556}") = "Article.test", "likeButton.Tests\Article.test.csproj", "{207F7626-E62B-4841-934C-C3360BBCB5F8}"
EndProject
Project("{9A19103F-16F7-4668-BE54-9A1E7A4F7556}") = "Article.api", "likeButton.Api\Article.api.csproj", "{71DDFF47-08E8-4706-B911-25D338897FCE}"
EndProject
Project("{2150E333-8FDC-42A3-9474-1A3956D46DE8}") = "Article.FrontEndAjax", "Article.FrontEndAjax", "{7D60291A-5BD9-44B9-B036-F2EFC77ADF2B}"
	ProjectSection(SolutionItems) = preProject
		Article.FrontEndAjax\index.css = Article.FrontEndAjax\index.css
		Article.FrontEndAjax\index.html = Article.FrontEndAjax\index.html
		Article.FrontEndAjax\index.js = Article.FrontEndAjax\index.js
	EndProjectSection
EndProject
Global
	GlobalSection(SolutionConfigurationPlatforms) = preSolution
		Debug|Any CPU = Debug|Any CPU
		Release|Any CPU = Release|Any CPU
	EndGlobalSection
	GlobalSection(ProjectConfigurationPlatforms) = postSolution
		{207F7626-E62B-4841-934C-C3360BBCB5F8}.Debug|Any CPU.ActiveCfg = Debug|Any CPU
		{207F7626-E62B-4841-934C-C3360BBCB5F8}.Debug|Any CPU.Build.0 = Debug|Any CPU
		{207F7626-E62B-4841-934C-C3360BBCB5F8}.Release|Any CPU.ActiveCfg = Release|Any CPU
		{207F7626-E62B-4841-934C-C3360BBCB5F8}.Release|Any CPU.Build.0 = Release|Any CPU
		{71DDFF47-08E8-4706-B911-25D338897FCE}.Debug|Any CPU.ActiveCfg = Debug|Any CPU
		{71DDFF47-08E8-4706-B911-25D338897FCE}.Debug|Any CPU.Build.0 = Debug|Any CPU
		{71DDFF47-08E8-4706-B911-25D338897FCE}.Release|Any CPU.ActiveCfg = Release|Any CPU
		{71DDFF47-08E8-4706-B911-25D338897FCE}.Release|Any CPU.Build.0 = Release|Any CPU
	EndGlobalSection
	GlobalSection(SolutionProperties) = preSolution
		HideSolutionNode = FALSE
	EndGlobalSection
	GlobalSection(ExtensibilityGlobals) = postSolution
		SolutionGuid = {952763AE-EBC7-4DD6-B6C0-827F89E51BCF}
	EndGlobalSection
EndGlobal
