
Microsoft Visual Studio Solution File, Format Version 12.00
# Visual Studio Version 16
VisualStudioVersion = 16.0.31112.23
MinimumVisualStudioVersion = 10.0.40219.1
Project("{FAE04EC0-301F-11D3-BF4B-00C04F79EFBC}") = "LikeButton", "LikeButton.csproj", "{A77D5CF0-3E04-42C6-99E0-D6936148D9E1}"
EndProject
Global
	GlobalSection(SolutionConfigurationPlatforms) = preSolution
		Debug|Any CPU = Debug|Any CPU
		Release|Any CPU = Release|Any CPU
	EndGlobalSection
	GlobalSection(ProjectConfigurationPlatforms) = postSolution
		{A77D5CF0-3E04-42C6-99E0-D6936148D9E1}.Debug|Any CPU.ActiveCfg = Debug|Any CPU
		{A77D5CF0-3E04-42C6-99E0-D6936148D9E1}.Debug|Any CPU.Build.0 = Debug|Any CPU
		{A77D5CF0-3E04-42C6-99E0-D6936148D9E1}.Release|Any CPU.ActiveCfg = Release|Any CPU
		{A77D5CF0-3E04-42C6-99E0-D6936148D9E1}.Release|Any CPU.Build.0 = Release|Any CPU
	EndGlobalSection
	GlobalSection(SolutionProperties) = preSolution
		HideSolutionNode = FALSE
	EndGlobalSection
	GlobalSection(ExtensibilityGlobals) = postSolution
		SolutionGuid = {56C434F1-564B-4397-A7A2-525E1B551995}
	EndGlobalSection
EndGlobal
